
Microsoft Visual Studio Solution File, Format Version 12.00
# Visual Studio 15
Project("{FAE04EC0-301F-11D3-BF4B-00C04F79EFBC}") = "Assembly-CSharp", "Assembly-CSharp.csproj", "{BFABC5C0-6296-4F6B-A3B2-14582A8FB911}"
EndProject
Project("{FAE04EC0-301F-11D3-BF4B-00C04F79EFBC}") = "Assembly-CSharp-Editor", "Assembly-CSharp-Editor.csproj", "{19546A22-54A4-D62B-1654-F127671DD9A3}"
EndProject
Global
	GlobalSection(SolutionConfigurationPlatforms) = preSolution
		Debug|Any CPU = Debug|Any CPU
		Release|Any CPU = Release|Any CPU
	EndGlobalSection
	GlobalSection(ProjectConfigurationPlatforms) = postSolution
		{BFABC5C0-6296-4F6B-A3B2-14582A8FB911}.Debug|Any CPU.ActiveCfg = Debug|Any CPU
		{BFABC5C0-6296-4F6B-A3B2-14582A8FB911}.Debug|Any CPU.Build.0 = Debug|Any CPU
		{BFABC5C0-6296-4F6B-A3B2-14582A8FB911}.Release|Any CPU.ActiveCfg = Release|Any CPU
		{BFABC5C0-6296-4F6B-A3B2-14582A8FB911}.Release|Any CPU.Build.0 = Release|Any CPU
		{19546A22-54A4-D62B-1654-F127671DD9A3}.Debug|Any CPU.ActiveCfg = Debug|Any CPU
		{19546A22-54A4-D62B-1654-F127671DD9A3}.Debug|Any CPU.Build.0 = Debug|Any CPU
		{19546A22-54A4-D62B-1654-F127671DD9A3}.Release|Any CPU.ActiveCfg = Release|Any CPU
		{19546A22-54A4-D62B-1654-F127671DD9A3}.Release|Any CPU.Build.0 = Release|Any CPU
	EndGlobalSection
	GlobalSection(SolutionProperties) = preSolution
		HideSolutionNode = FALSE
	EndGlobalSection
EndGlobal
